# THIS IS AN AUTOGENERATED FILE. DO NOT EDIT THIS FILE DIRECTLY.
# yarn lockfile v1


"-@^0.0.1":
  version "0.0.1"
  resolved "https://registry.yarnpkg.com/-/-/--0.0.1.tgz#db6db7cd866142880dd03e5b8781d1b4fac0e5bd"
  integrity sha512-3HfneK3DGAm05fpyj20sT3apkNcvPpCuccOThOPdzz8sY7GgQGe0l93XH9bt+YzibcTIgUAIMoyVJI740RtgyQ==

"@fortawesome/fontawesome-common-types@^0.1.7":
  version "0.1.7"
  resolved "https://registry.yarnpkg.com/@fortawesome/fontawesome-common-types/-/fontawesome-common-types-0.1.7.tgz#4336c4b06d0b5608ff1215464b66fcf9f4795284"
  integrity sha512-ego8jRVSHfq/iq4KRZJKQeUAdi3ZjGNrqw4oPN3fNdvTBnLCSntwVCnc37bsAJP9UB8MhrTfPnZYxkv2vpS4pg==

"@fortawesome/fontawesome-free@^5.15.4":
  version "5.15.4"
  resolved "https://registry.yarnpkg.com/@fortawesome/fontawesome-free/-/fontawesome-free-5.15.4.tgz#ecda5712b61ac852c760d8b3c79c96adca5554e5"
  integrity sha512-eYm8vijH/hpzr/6/1CJ/V/Eb1xQFW2nnUKArb3z+yUWv7HTwj6M7SP957oMjfZjAHU6qpoNc2wQvIxBLWYa/Jg==

"@fortawesome/fontawesome@^1.1.8":
  version "1.1.8"
  resolved "https://registry.yarnpkg.com/@fortawesome/fontawesome/-/fontawesome-1.1.8.tgz#75fe66a60f95508160bb16bd781ad7d89b280f5b"
  integrity sha512-c0/MtkPVT0fmiFcCyYoPjkG9PkMOvfrZw2+0BaJ+Rh6UEcK1AR/LaRgrHHjUkbAbs9LXxQJhFS8CJ4uSnK2+JA==
  dependencies:
    "@fortawesome/fontawesome-common-types" "^0.1.7"

free@^1.0.0:
  version "1.0.0"
  resolved "https://registry.yarnpkg.com/free/-/free-1.0.0.tgz#af5ecd049c7ec9dd2ee3de6b0f5e1c8576025f91"
  integrity sha1-r17NBJx+yd0u495rD14chXYCX5E=

lightgallery@^2.2.1:
  version "2.2.1"
  resolved "https://registry.yarnpkg.com/lightgallery/-/lightgallery-2.2.1.tgz#a1e40d8db0c1a1be17596db440cee466670bedd9"
  integrity sha512-6eDdqyQsQhxHYccMxWRNsHGkY1tITFHheR89ivlyQsDPYVt2yH/fIoJpipT1pMc8bCti/Pv7X0vU0QLMdnHehg==
